# This file was autogenerated by Stack.
# You should not edit this file by hand.
# For more information, please see the documentation at:
#   https://docs.haskellstack.org/en/stable/topics/lock_files

packages:
- completed:
    hackage: bizzlelude-4.20.2.0.2@sha256:ca1f1db0254da9b3eeca58d4a4ffa3592c405d2cf5b086b1c26ec0b594dd2f59,7366
    pantry-tree:
      sha256: 3d4ce8ec9e126919fa6bc84eb06ab23a6119567e9faca53eb7bd65625e0e12b3
      size: 533
  original:
    hackage: bizzlelude-4.20.2.0.2@sha256:ca1f1db0254da9b3eeca58d4a4ffa3592c405d2cf5b086b1c26ec0b594dd2f59,7366
snapshots:
- completed:
    sha256: 92becf9417de918f477cc79583b70700cbead6c5028fc4c4415f04fab5fb5354
    size: 726332
    url: https://raw.githubusercontent.com/commercialhaskell/stackage-snapshots/master/lts/24/20.yaml
  original: lts-24.20
